
Microsoft Visual Studio Solution File, Format Version 12.00
# Visual Studio Version 17
VisualStudioVersion = 17.8.34112.27
MinimumVisualStudioVersion = 10.0.40219.1
Project("{FAE04EC0-301F-11D3-BF4B-00C04F79EFBC}") = "XH1", "XH1.csproj", "{498D0B20-E34D-4634-B468-19B56FC0F970}"
EndProject
Global
	GlobalSection(SolutionConfigurationPlatforms) = preSolution
		Debug|Any CPU = Debug|Any CPU
		Release|Any CPU = Release|Any CPU
	EndGlobalSection
	GlobalSection(ProjectConfigurationPlatforms) = postSolution
		{498D0B20-E34D-4634-B468-19B56FC0F970}.Debug|Any CPU.ActiveCfg = Debug|Any CPU
		{498D0B20-E34D-4634-B468-19B56FC0F970}.Debug|Any CPU.Build.0 = Debug|Any CPU
		{498D0B20-E34D-4634-B468-19B56FC0F970}.Release|Any CPU.ActiveCfg = Release|Any CPU
		{498D0B20-E34D-4634-B468-19B56FC0F970}.Release|Any CPU.Build.0 = Release|Any CPU
	EndGlobalSection
	GlobalSection(SolutionProperties) = preSolution
		HideSolutionNode = FALSE
	EndGlobalSection
	GlobalSection(ExtensibilityGlobals) = postSolution
		SolutionGuid = {04A5E3D3-7439-416B-985D-95B86915008A}
	EndGlobalSection
EndGlobal
